// !$*UTF8*$!
{
	archiveVersion = 1;
	classes = {
	};
	objectVersion = 52;
	objects = {

/* Begin PBXBuildFile section */
		F57EBE542738468700FE9319 /* UIImage+Utils.swift in Sources */ = {isa = PBXBuildFile; fileRef = F57EBE512738468700FE9319 /* UIImage+Utils.swift */; };
		F57EBE552738468700FE9319 /* Array+Utils.swift in Sources */ = {isa = PBXBuildFile; fileRef = F57EBE522738468700FE9319 /* Array+Utils.swift */; };
		F57EBE562738468700FE9319 /* UITableView+Utils.swift in Sources */ = {isa = PBXBuildFile; fileRef = F57EBE532738468700FE9319 /* UITableView+Utils.swift */; };
		F57F6AE826DB4A2700C0117D /* FinanceHomeRouter.swift in Sources */ = {isa = PBXBuildFile; fileRef = F57F6AE426DB4A2700C0117D /* FinanceHomeRouter.swift */; };
		F57F6AE926DB4A2700C0117D /* FinanceHomeViewController.swift in Sources */ = {isa = PBXBuildFile; fileRef = F57F6AE526DB4A2700C0117D /* FinanceHomeViewController.swift */; };
		F57F6AEA26DB4A2700C0117D /* FinanceHomeBuilder.swift in Sources */ = {isa = PBXBuildFile; fileRef = F57F6AE626DB4A2700C0117D /* FinanceHomeBuilder.swift */; };
		F57F6AEB26DB4A2700C0117D /* FinanceHomeInteractor.swift in Sources */ = {isa = PBXBuildFile; fileRef = F57F6AE726DB4A2700C0117D /* FinanceHomeInteractor.swift */; };
		F57F6AF026DB4A2D00C0117D /* ProfileHomeRouter.swift in Sources */ = {isa = PBXBuildFile; fileRef = F57F6AEC26DB4A2D00C0117D /* ProfileHomeRouter.swift */; };
		F57F6AF126DB4A2D00C0117D /* ProfileHomeViewController.swift in Sources */ = {isa = PBXBuildFile; fileRef = F57F6AED26DB4A2D00C0117D /* ProfileHomeViewController.swift */; };
		F57F6AF226DB4A2D00C0117D /* ProfileHomeBuilder.swift in Sources */ = {isa = PBXBuildFile; fileRef = F57F6AEE26DB4A2D00C0117D /* ProfileHomeBuilder.swift */; };
		F57F6AF326DB4A2D00C0117D /* ProfileHomeInteractor.swift in Sources */ = {isa = PBXBuildFile; fileRef = F57F6AEF26DB4A2D00C0117D /* ProfileHomeInteractor.swift */; };
		F57F6AFE26DB4CD700C0117D /* RootTabBarController.swift in Sources */ = {isa = PBXBuildFile; fileRef = F57F6AFD26DB4CD700C0117D /* RootTabBarController.swift */; };
		F5829F5926DB2BC400BFA8CD /* AppDelegate.swift in Sources */ = {isa = PBXBuildFile; fileRef = F5829F5826DB2BC400BFA8CD /* AppDelegate.swift */; };
		F5829F6226DB2BC500BFA8CD /* Assets.xcassets in Resources */ = {isa = PBXBuildFile; fileRef = F5829F6126DB2BC500BFA8CD /* Assets.xcassets */; };
		F5829F6526DB2BC500BFA8CD /* LaunchScreen.storyboard in Resources */ = {isa = PBXBuildFile; fileRef = F5829F6326DB2BC500BFA8CD /* LaunchScreen.storyboard */; };
		F5829F6E26DB2DE900BFA8CD /* ModernRIBs in Frameworks */ = {isa = PBXBuildFile; productRef = F5829F6D26DB2DE900BFA8CD /* ModernRIBs */; };
		F5829F7426DB34AA00BFA8CD /* AppRootRouter.swift in Sources */ = {isa = PBXBuildFile; fileRef = F5829F7026DB34AA00BFA8CD /* AppRootRouter.swift */; };
		F5829F7626DB34AA00BFA8CD /* AppRootBuilder.swift in Sources */ = {isa = PBXBuildFile; fileRef = F5829F7226DB34AA00BFA8CD /* AppRootBuilder.swift */; };
		F5829F7726DB34AA00BFA8CD /* AppRootInteractor.swift in Sources */ = {isa = PBXBuildFile; fileRef = F5829F7326DB34AA00BFA8CD /* AppRootInteractor.swift */; };
		F5829F7926DB397300BFA8CD /* AppComponent.swift in Sources */ = {isa = PBXBuildFile; fileRef = F5829F7826DB397300BFA8CD /* AppComponent.swift */; };
		F5EAA219270B395900EF2B70 /* HomeWidgetView.swift in Sources */ = {isa = PBXBuildFile; fileRef = F5EAA213270B395800EF2B70 /* HomeWidgetView.swift */; };
		F5EAA21A270B395900EF2B70 /* AppHomeBuilder.swift in Sources */ = {isa = PBXBuildFile; fileRef = F5EAA214270B395800EF2B70 /* AppHomeBuilder.swift */; };
		F5EAA21B270B395900EF2B70 /* AppHomeInteractor.swift in Sources */ = {isa = PBXBuildFile; fileRef = F5EAA215270B395900EF2B70 /* AppHomeInteractor.swift */; };
		F5EAA21C270B395900EF2B70 /* AppHomeViewController.swift in Sources */ = {isa = PBXBuildFile; fileRef = F5EAA216270B395900EF2B70 /* AppHomeViewController.swift */; };
		F5EAA21D270B395900EF2B70 /* HomeWidgetModel.swift in Sources */ = {isa = PBXBuildFile; fileRef = F5EAA217270B395900EF2B70 /* HomeWidgetModel.swift */; };
		F5EAA21E270B395900EF2B70 /* AppHomeRouter.swift in Sources */ = {isa = PBXBuildFile; fileRef = F5EAA218270B395900EF2B70 /* AppHomeRouter.swift */; };
		F5EAA220270B39DC00EF2B70 /* PushModalPresentationController.swift in Sources */ = {isa = PBXBuildFile; fileRef = F5EAA21F270B39DC00EF2B70 /* PushModalPresentationController.swift */; };
		F5EAA229270B3A4500EF2B70 /* TransportHomeViewController.swift in Sources */ = {isa = PBXBuildFile; fileRef = F5EAA222270B3A4500EF2B70 /* TransportHomeViewController.swift */; };
		F5EAA22A270B3A4500EF2B70 /* TransportHomeRouter.swift in Sources */ = {isa = PBXBuildFile; fileRef = F5EAA223270B3A4500EF2B70 /* TransportHomeRouter.swift */; };
		F5EAA22B270B3A4500EF2B70 /* TransportHomeBuilder.swift in Sources */ = {isa = PBXBuildFile; fileRef = F5EAA224270B3A4500EF2B70 /* TransportHomeBuilder.swift */; };
		F5EAA22C270B3A4500EF2B70 /* TransportHomeInteractor.swift in Sources */ = {isa = PBXBuildFile; fileRef = F5EAA225270B3A4500EF2B70 /* TransportHomeInteractor.swift */; };
		F5EAA22D270B3A4500EF2B70 /* RideTypeView.swift in Sources */ = {isa = PBXBuildFile; fileRef = F5EAA227270B3A4500EF2B70 /* RideTypeView.swift */; };
		F5EAA22E270B3A4500EF2B70 /* SuperPayView.swift in Sources */ = {isa = PBXBuildFile; fileRef = F5EAA228270B3A4500EF2B70 /* SuperPayView.swift */; };
		F5EAA230270B3A7100EF2B70 /* RIBs+Utils.swift in Sources */ = {isa = PBXBuildFile; fileRef = F5EAA22F270B3A7100EF2B70 /* RIBs+Utils.swift */; };
		F5EAA232270B3A8F00EF2B70 /* UIView+Utils.swift in Sources */ = {isa = PBXBuildFile; fileRef = F5EAA231270B3A8F00EF2B70 /* UIView+Utils.swift */; };
		F5EAA234270B3A9A00EF2B70 /* UIColor+Utils.swift in Sources */ = {isa = PBXBuildFile; fileRef = F5EAA233270B3A9A00EF2B70 /* UIColor+Utils.swift */; };
		F5EAA236270B3AA600EF2B70 /* UIColor+Super.swift in Sources */ = {isa = PBXBuildFile; fileRef = F5EAA235270B3AA600EF2B70 /* UIColor+Super.swift */; };
/* End PBXBuildFile section */

/* Begin PBXFileReference section */
		F57EBE512738468700FE9319 /* UIImage+Utils.swift */ = {isa = PBXFileReference; fileEncoding = 4; lastKnownFileType = sourcecode.swift; path = "UIImage+Utils.swift"; sourceTree = "<group>"; };
		F57EBE522738468700FE9319 /* Array+Utils.swift */ = {isa = PBXFileReference; fileEncoding = 4; lastKnownFileType = sourcecode.swift; path = "Array+Utils.swift"; sourceTree = "<group>"; };
		F57EBE532738468700FE9319 /* UITableView+Utils.swift */ = {isa = PBXFileReference; fileEncoding = 4; lastKnownFileType = sourcecode.swift; path = "UITableView+Utils.swift"; sourceTree = "<group>"; };
		F57F6AE426DB4A2700C0117D /* FinanceHomeRouter.swift */ = {isa = PBXFileReference; lastKnownFileType = sourcecode.swift; path = FinanceHomeRouter.swift; sourceTree = "<group>"; };
		F57F6AE526DB4A2700C0117D /* FinanceHomeViewController.swift */ = {isa = PBXFileReference; lastKnownFileType = sourcecode.swift; path = FinanceHomeViewController.swift; sourceTree = "<group>"; };
		F57F6AE626DB4A2700C0117D /* FinanceHomeBuilder.swift */ = {isa = PBXFileReference; lastKnownFileType = sourcecode.swift; path = FinanceHomeBuilder.swift; sourceTree = "<group>"; };
		F57F6AE726DB4A2700C0117D /* FinanceHomeInteractor.swift */ = {isa = PBXFileReference; lastKnownFileType = sourcecode.swift; path = FinanceHomeInteractor.swift; sourceTree = "<group>"; };
		F57F6AEC26DB4A2D00C0117D /* ProfileHomeRouter.swift */ = {isa = PBXFileReference; lastKnownFileType = sourcecode.swift; path = ProfileHomeRouter.swift; sourceTree = "<group>"; };
		F57F6AED26DB4A2D00C0117D /* ProfileHomeViewController.swift */ = {isa = PBXFileReference; lastKnownFileType = sourcecode.swift; path = ProfileHomeViewController.swift; sourceTree = "<group>"; };
		F57F6AEE26DB4A2D00C0117D /* ProfileHomeBuilder.swift */ = {isa = PBXFileReference; lastKnownFileType = sourcecode.swift; path = ProfileHomeBuilder.swift; sourceTree = "<group>"; };
		F57F6AEF26DB4A2D00C0117D /* ProfileHomeInteractor.swift */ = {isa = PBXFileReference; lastKnownFileType = sourcecode.swift; path = ProfileHomeInteractor.swift; sourceTree = "<group>"; };
		F57F6AFD26DB4CD700C0117D /* RootTabBarController.swift */ = {isa = PBXFileReference; lastKnownFileType = sourcecode.swift; path = RootTabBarController.swift; sourceTree = "<group>"; };
		F5829F5526DB2BC400BFA8CD /* MiniSuperApp.app */ = {isa = PBXFileReference; explicitFileType = wrapper.application; includeInIndex = 0; path = MiniSuperApp.app; sourceTree = BUILT_PRODUCTS_DIR; };
		F5829F5826DB2BC400BFA8CD /* AppDelegate.swift */ = {isa = PBXFileReference; lastKnownFileType = sourcecode.swift; path = AppDelegate.swift; sourceTree = "<group>"; };
		F5829F6126DB2BC500BFA8CD /* Assets.xcassets */ = {isa = PBXFileReference; lastKnownFileType = folder.assetcatalog; path = Assets.xcassets; sourceTree = "<group>"; };
		F5829F6426DB2BC500BFA8CD /* Base */ = {isa = PBXFileReference; lastKnownFileType = file.storyboard; name = Base; path = Base.lproj/LaunchScreen.storyboard; sourceTree = "<group>"; };
		F5829F6626DB2BC500BFA8CD /* Info.plist */ = {isa = PBXFileReference; lastKnownFileType = text.plist.xml; path = Info.plist; sourceTree = "<group>"; };
		F5829F7026DB34AA00BFA8CD /* AppRootRouter.swift */ = {isa = PBXFileReference; lastKnownFileType = sourcecode.swift; path = AppRootRouter.swift; sourceTree = "<group>"; };
		F5829F7226DB34AA00BFA8CD /* AppRootBuilder.swift */ = {isa = PBXFileReference; lastKnownFileType = sourcecode.swift; path = AppRootBuilder.swift; sourceTree = "<group>"; };
		F5829F7326DB34AA00BFA8CD /* AppRootInteractor.swift */ = {isa = PBXFileReference; lastKnownFileType = sourcecode.swift; path = AppRootInteractor.swift; sourceTree = "<group>"; };
		F5829F7826DB397300BFA8CD /* AppComponent.swift */ = {isa = PBXFileReference; lastKnownFileType = sourcecode.swift; path = AppComponent.swift; sourceTree = "<group>"; };
		F5EAA213270B395800EF2B70 /* HomeWidgetView.swift */ = {isa = PBXFileReference; fileEncoding = 4; lastKnownFileType = sourcecode.swift; path = HomeWidgetView.swift; sourceTree = "<group>"; };
		F5EAA214270B395800EF2B70 /* AppHomeBuilder.swift */ = {isa = PBXFileReference; fileEncoding = 4; lastKnownFileType = sourcecode.swift; path = AppHomeBuilder.swift; sourceTree = "<group>"; };
		F5EAA215270B395900EF2B70 /* AppHomeInteractor.swift */ = {isa = PBXFileReference; fileEncoding = 4; lastKnownFileType = sourcecode.swift; path = AppHomeInteractor.swift; sourceTree = "<group>"; };
		F5EAA216270B395900EF2B70 /* AppHomeViewController.swift */ = {isa = PBXFileReference; fileEncoding = 4; lastKnownFileType = sourcecode.swift; path = AppHomeViewController.swift; sourceTree = "<group>"; };
		F5EAA217270B395900EF2B70 /* HomeWidgetModel.swift */ = {isa = PBXFileReference; fileEncoding = 4; lastKnownFileType = sourcecode.swift; path = HomeWidgetModel.swift; sourceTree = "<group>"; };
		F5EAA218270B395900EF2B70 /* AppHomeRouter.swift */ = {isa = PBXFileReference; fileEncoding = 4; lastKnownFileType = sourcecode.swift; path = AppHomeRouter.swift; sourceTree = "<group>"; };
		F5EAA21F270B39DC00EF2B70 /* PushModalPresentationController.swift */ = {isa = PBXFileReference; fileEncoding = 4; lastKnownFileType = sourcecode.swift; path = PushModalPresentationController.swift; sourceTree = "<group>"; };
		F5EAA222270B3A4500EF2B70 /* TransportHomeViewController.swift */ = {isa = PBXFileReference; fileEncoding = 4; lastKnownFileType = sourcecode.swift; path = TransportHomeViewController.swift; sourceTree = "<group>"; };
		F5EAA223270B3A4500EF2B70 /* TransportHomeRouter.swift */ = {isa = PBXFileReference; fileEncoding = 4; lastKnownFileType = sourcecode.swift; path = TransportHomeRouter.swift; sourceTree = "<group>"; };
		F5EAA224270B3A4500EF2B70 /* TransportHomeBuilder.swift */ = {isa = PBXFileReference; fileEncoding = 4; lastKnownFileType = sourcecode.swift; path = TransportHomeBuilder.swift; sourceTree = "<group>"; };
		F5EAA225270B3A4500EF2B70 /* TransportHomeInteractor.swift */ = {isa = PBXFileReference; fileEncoding = 4; lastKnownFileType = sourcecode.swift; path = TransportHomeInteractor.swift; sourceTree = "<group>"; };
		F5EAA227270B3A4500EF2B70 /* RideTypeView.swift */ = {isa = PBXFileReference; fileEncoding = 4; lastKnownFileType = sourcecode.swift; path = RideTypeView.swift; sourceTree = "<group>"; };
		F5EAA228270B3A4500EF2B70 /* SuperPayView.swift */ = {isa = PBXFileReference; fileEncoding = 4; lastKnownFileType = sourcecode.swift; path = SuperPayView.swift; sourceTree = "<group>"; };
		F5EAA22F270B3A7100EF2B70 /* RIBs+Utils.swift */ = {isa = PBXFileReference; fileEncoding = 4; lastKnownFileType = sourcecode.swift; path = "RIBs+Utils.swift"; sourceTree = "<group>"; };
		F5EAA231270B3A8F00EF2B70 /* UIView+Utils.swift */ = {isa = PBXFileReference; fileEncoding = 4; lastKnownFileType = sourcecode.swift; path = "UIView+Utils.swift"; sourceTree = "<group>"; };
		F5EAA233270B3A9A00EF2B70 /* UIColor+Utils.swift */ = {isa = PBXFileReference; fileEncoding = 4; lastKnownFileType = sourcecode.swift; path = "UIColor+Utils.swift"; sourceTree = "<group>"; };
		F5EAA235270B3AA600EF2B70 /* UIColor+Super.swift */ = {isa = PBXFileReference; fileEncoding = 4; lastKnownFileType = sourcecode.swift; path = "UIColor+Super.swift"; sourceTree = "<group>"; };
/* End PBXFileReference section */

/* Begin PBXFrameworksBuildPhase section */
		F5829F5226DB2BC400BFA8CD /* Frameworks */ = {
			isa = PBXFrameworksBuildPhase;
			buildActionMask = 2147483647;
			files = (
				F5829F6E26DB2DE900BFA8CD /* ModernRIBs in Frameworks */,
			);
			runOnlyForDeploymentPostprocessing = 0;
		};
/* End PBXFrameworksBuildPhase section */

/* Begin PBXGroup section */
		F57F6AD926DB49E500C0117D /* AppHome */ = {
			isa = PBXGroup;
			children = (
				F5EAA214270B395800EF2B70 /* AppHomeBuilder.swift */,
				F5EAA215270B395900EF2B70 /* AppHomeInteractor.swift */,
				F5EAA218270B395900EF2B70 /* AppHomeRouter.swift */,
				F5EAA216270B395900EF2B70 /* AppHomeViewController.swift */,
				F5EAA217270B395900EF2B70 /* HomeWidgetModel.swift */,
				F5EAA212270B395800EF2B70 /* Views */,
			);
			path = AppHome;
			sourceTree = "<group>";
		};
		F57F6ADA26DB49EA00C0117D /* FinanceHome */ = {
			isa = PBXGroup;
			children = (
				F57F6AE426DB4A2700C0117D /* FinanceHomeRouter.swift */,
				F57F6AE526DB4A2700C0117D /* FinanceHomeViewController.swift */,
				F57F6AE626DB4A2700C0117D /* FinanceHomeBuilder.swift */,
				F57F6AE726DB4A2700C0117D /* FinanceHomeInteractor.swift */,
			);
			path = FinanceHome;
			sourceTree = "<group>";
		};
		F57F6ADB26DB49FD00C0117D /* ProfileHome */ = {
			isa = PBXGroup;
			children = (
				F57F6AEC26DB4A2D00C0117D /* ProfileHomeRouter.swift */,
				F57F6AED26DB4A2D00C0117D /* ProfileHomeViewController.swift */,
				F57F6AEE26DB4A2D00C0117D /* ProfileHomeBuilder.swift */,
				F57F6AEF26DB4A2D00C0117D /* ProfileHomeInteractor.swift */,
			);
			path = ProfileHome;
			sourceTree = "<group>";
		};
		F57F6AFF26DB585100C0117D /* Utils */ = {
			isa = PBXGroup;
			children = (
				F57EBE522738468700FE9319 /* Array+Utils.swift */,
				F57EBE512738468700FE9319 /* UIImage+Utils.swift */,
				F57EBE532738468700FE9319 /* UITableView+Utils.swift */,
				F5EAA235270B3AA600EF2B70 /* UIColor+Super.swift */,
				F5EAA233270B3A9A00EF2B70 /* UIColor+Utils.swift */,
				F5EAA231270B3A8F00EF2B70 /* UIView+Utils.swift */,
				F5EAA21F270B39DC00EF2B70 /* PushModalPresentationController.swift */,
				F5EAA22F270B3A7100EF2B70 /* RIBs+Utils.swift */,
			);
			path = Utils;
			sourceTree = "<group>";
		};
		F5829F4C26DB2BC400BFA8CD = {
			isa = PBXGroup;
			children = (
				F5829F5726DB2BC400BFA8CD /* MiniSuperApp */,
				F5829F5626DB2BC400BFA8CD /* Products */,
			);
			sourceTree = "<group>";
		};
		F5829F5626DB2BC400BFA8CD /* Products */ = {
			isa = PBXGroup;
			children = (
				F5829F5526DB2BC400BFA8CD /* MiniSuperApp.app */,
			);
			name = Products;
			sourceTree = "<group>";
		};
		F5829F5726DB2BC400BFA8CD /* MiniSuperApp */ = {
			isa = PBXGroup;
			children = (
				F5829F7A26DB3AF900BFA8CD /* AppDelegate */,
				F5829F6F26DB33CF00BFA8CD /* AppRoot */,
				F57F6AD926DB49E500C0117D /* AppHome */,
				F5EAA221270B3A4500EF2B70 /* TransportHome */,
				F57F6ADA26DB49EA00C0117D /* FinanceHome */,
				F57F6ADB26DB49FD00C0117D /* ProfileHome */,
				F57F6AFF26DB585100C0117D /* Utils */,
				F5829F6126DB2BC500BFA8CD /* Assets.xcassets */,
				F5829F6326DB2BC500BFA8CD /* LaunchScreen.storyboard */,
				F5829F6626DB2BC500BFA8CD /* Info.plist */,
			);
			path = MiniSuperApp;
			sourceTree = "<group>";
		};
		F5829F6F26DB33CF00BFA8CD /* AppRoot */ = {
			isa = PBXGroup;
			children = (
				F5829F7026DB34AA00BFA8CD /* AppRootRouter.swift */,
				F5829F7226DB34AA00BFA8CD /* AppRootBuilder.swift */,
				F5829F7326DB34AA00BFA8CD /* AppRootInteractor.swift */,
				F57F6AFD26DB4CD700C0117D /* RootTabBarController.swift */,
			);
			path = AppRoot;
			sourceTree = "<group>";
		};
		F5829F7A26DB3AF900BFA8CD /* AppDelegate */ = {
			isa = PBXGroup;
			children = (
				F5829F5826DB2BC400BFA8CD /* AppDelegate.swift */,
				F5829F7826DB397300BFA8CD /* AppComponent.swift */,
			);
			path = AppDelegate;
			sourceTree = "<group>";
		};
		F5EAA212270B395800EF2B70 /* Views */ = {
			isa = PBXGroup;
			children = (
				F5EAA213270B395800EF2B70 /* HomeWidgetView.swift */,
			);
			path = Views;
			sourceTree = "<group>";
		};
		F5EAA221270B3A4500EF2B70 /* TransportHome */ = {
			isa = PBXGroup;
			children = (
				F5EAA222270B3A4500EF2B70 /* TransportHomeViewController.swift */,
				F5EAA223270B3A4500EF2B70 /* TransportHomeRouter.swift */,
				F5EAA224270B3A4500EF2B70 /* TransportHomeBuilder.swift */,
				F5EAA225270B3A4500EF2B70 /* TransportHomeInteractor.swift */,
				F5EAA226270B3A4500EF2B70 /* Views */,
			);
			path = TransportHome;
			sourceTree = "<group>";
		};
		F5EAA226270B3A4500EF2B70 /* Views */ = {
			isa = PBXGroup;
			children = (
				F5EAA227270B3A4500EF2B70 /* RideTypeView.swift */,
				F5EAA228270B3A4500EF2B70 /* SuperPayView.swift */,
			);
			path = Views;
			sourceTree = "<group>";
		};
/* End PBXGroup section */

/* Begin PBXNativeTarget section */
		F5829F5426DB2BC400BFA8CD /* MiniSuperApp */ = {
			isa = PBXNativeTarget;
			buildConfigurationList = F5829F6926DB2BC500BFA8CD /* Build configuration list for PBXNativeTarget "MiniSuperApp" */;
			buildPhases = (
				F5829F5126DB2BC400BFA8CD /* Sources */,
				F5829F5226DB2BC400BFA8CD /* Frameworks */,
				F5829F5326DB2BC400BFA8CD /* Resources */,
			);
			buildRules = (
			);
			dependencies = (
			);
			name = MiniSuperApp;
			packageProductDependencies = (
				F5829F6D26DB2DE900BFA8CD /* ModernRIBs */,
			);
			productName = SuperRedApp;
			productReference = F5829F5526DB2BC400BFA8CD /* MiniSuperApp.app */;
			productType = "com.apple.product-type.application";
		};
/* End PBXNativeTarget section */

/* Begin PBXProject section */
		F5829F4D26DB2BC400BFA8CD /* Project object */ = {
			isa = PBXProject;
			attributes = {
				LastSwiftUpdateCheck = 1250;
				LastUpgradeCheck = 1250;
				TargetAttributes = {
					F5829F5426DB2BC400BFA8CD = {
						CreatedOnToolsVersion = 12.5.1;
					};
				};
			};
			buildConfigurationList = F5829F5026DB2BC400BFA8CD /* Build configuration list for PBXProject "MiniSuperApp" */;
			compatibilityVersion = "Xcode 9.3";
			developmentRegion = en;
			hasScannedForEncodings = 0;
			knownRegions = (
				en,
				Base,
			);
			mainGroup = F5829F4C26DB2BC400BFA8CD;
			packageReferences = (
				F5829F6C26DB2DE900BFA8CD /* XCRemoteSwiftPackageReference "ModernRIBs" */,
			);
			productRefGroup = F5829F5626DB2BC400BFA8CD /* Products */;
			projectDirPath = "";
			projectRoot = "";
			targets = (
				F5829F5426DB2BC400BFA8CD /* MiniSuperApp */,
			);
		};
/* End PBXProject section */

/* Begin PBXResourcesBuildPhase section */
		F5829F5326DB2BC400BFA8CD /* Resources */ = {
			isa = PBXResourcesBuildPhase;
			buildActionMask = 2147483647;
			files = (
				F5829F6526DB2BC500BFA8CD /* LaunchScreen.storyboard in Resources */,
				F5829F6226DB2BC500BFA8CD /* Assets.xcassets in Resources */,
			);
			runOnlyForDeploymentPostprocessing = 0;
		};
/* End PBXResourcesBuildPhase section */

/* Begin PBXSourcesBuildPhase section */
		F5829F5126DB2BC400BFA8CD /* Sources */ = {
			isa = PBXSourcesBuildPhase;
			buildActionMask = 2147483647;
			files = (
				F5EAA229270B3A4500EF2B70 /* TransportHomeViewController.swift in Sources */,
				F57F6AF226DB4A2D00C0117D /* ProfileHomeBuilder.swift in Sources */,
				F5EAA22A270B3A4500EF2B70 /* TransportHomeRouter.swift in Sources */,
				F5EAA232270B3A8F00EF2B70 /* UIView+Utils.swift in Sources */,
				F57F6AEA26DB4A2700C0117D /* FinanceHomeBuilder.swift in Sources */,
				F5EAA22E270B3A4500EF2B70 /* SuperPayView.swift in Sources */,
				F5EAA220270B39DC00EF2B70 /* PushModalPresentationController.swift in Sources */,
				F57F6AF126DB4A2D00C0117D /* ProfileHomeViewController.swift in Sources */,
				F57F6AF326DB4A2D00C0117D /* ProfileHomeInteractor.swift in Sources */,
				F5829F7626DB34AA00BFA8CD /* AppRootBuilder.swift in Sources */,
				F5EAA230270B3A7100EF2B70 /* RIBs+Utils.swift in Sources */,
				F57EBE542738468700FE9319 /* UIImage+Utils.swift in Sources */,
				F5EAA22B270B3A4500EF2B70 /* TransportHomeBuilder.swift in Sources */,
				F5EAA21D270B395900EF2B70 /* HomeWidgetModel.swift in Sources */,
				F5EAA21E270B395900EF2B70 /* AppHomeRouter.swift in Sources */,
				F5EAA21A270B395900EF2B70 /* AppHomeBuilder.swift in Sources */,
				F5EAA234270B3A9A00EF2B70 /* UIColor+Utils.swift in Sources */,
				F5EAA22C270B3A4500EF2B70 /* TransportHomeInteractor.swift in Sources */,
				F5829F7726DB34AA00BFA8CD /* AppRootInteractor.swift in Sources */,
				F5EAA22D270B3A4500EF2B70 /* RideTypeView.swift in Sources */,
				F5EAA219270B395900EF2B70 /* HomeWidgetView.swift in Sources */,
				F57F6AFE26DB4CD700C0117D /* RootTabBarController.swift in Sources */,
				F57F6AEB26DB4A2700C0117D /* FinanceHomeInteractor.swift in Sources */,
				F5EAA21B270B395900EF2B70 /* AppHomeInteractor.swift in Sources */,
				F57F6AE826DB4A2700C0117D /* FinanceHomeRouter.swift in Sources */,
				F57F6AE926DB4A2700C0117D /* FinanceHomeViewController.swift in Sources */,
				F5829F5926DB2BC400BFA8CD /* AppDelegate.swift in Sources */,
				F5EAA21C270B395900EF2B70 /* AppHomeViewController.swift in Sources */,
				F5EAA236270B3AA600EF2B70 /* UIColor+Super.swift in Sources */,
				F5829F7926DB397300BFA8CD /* AppComponent.swift in Sources */,
				F57F6AF026DB4A2D00C0117D /* ProfileHomeRouter.swift in Sources */,
				F57EBE562738468700FE9319 /* UITableView+Utils.swift in Sources */,
				F57EBE552738468700FE9319 /* Array+Utils.swift in Sources */,
				F5829F7426DB34AA00BFA8CD /* AppRootRouter.swift in Sources */,
			);
			runOnlyForDeploymentPostprocessing = 0;
		};
/* End PBXSourcesBuildPhase section */

/* Begin PBXVariantGroup section */
		F5829F6326DB2BC500BFA8CD /* LaunchScreen.storyboard */ = {
			isa = PBXVariantGroup;
			children = (
				F5829F6426DB2BC500BFA8CD /* Base */,
			);
			name = LaunchScreen.storyboard;
			sourceTree = "<group>";
		};
/* End PBXVariantGroup section */

/* Begin XCBuildConfiguration section */
		F5829F6726DB2BC500BFA8CD /* Debug */ = {
			isa = XCBuildConfiguration;
			buildSettings = {
				ALWAYS_SEARCH_USER_PATHS = NO;
				CLANG_ANALYZER_NONNULL = YES;
				CLANG_ANALYZER_NUMBER_OBJECT_CONVERSION = YES_AGGRESSIVE;
				CLANG_CXX_LANGUAGE_STANDARD = "gnu++14";
				CLANG_CXX_LIBRARY = "libc++";
				CLANG_ENABLE_MODULES = YES;
				CLANG_ENABLE_OBJC_ARC = YES;
				CLANG_ENABLE_OBJC_WEAK = YES;
				CLANG_WARN_BLOCK_CAPTURE_AUTORELEASING = YES;
				CLANG_WARN_BOOL_CONVERSION = YES;
				CLANG_WARN_COMMA = YES;
				CLANG_WARN_CONSTANT_CONVERSION = YES;
				CLANG_WARN_DEPRECATED_OBJC_IMPLEMENTATIONS = YES;
				CLANG_WARN_DIRECT_OBJC_ISA_USAGE = YES_ERROR;
				CLANG_WARN_DOCUMENTATION_COMMENTS = YES;
				CLANG_WARN_EMPTY_BODY = YES;
				CLANG_WARN_ENUM_CONVERSION = YES;
				CLANG_WARN_INFINITE_RECURSION = YES;
				CLANG_WARN_INT_CONVERSION = YES;
				CLANG_WARN_NON_LITERAL_NULL_CONVERSION = YES;
				CLANG_WARN_OBJC_IMPLICIT_RETAIN_SELF = YES;
				CLANG_WARN_OBJC_LITERAL_CONVERSION = YES;
				CLANG_WARN_OBJC_ROOT_CLASS = YES_ERROR;
				CLANG_WARN_QUOTED_INCLUDE_IN_FRAMEWORK_HEADER = YES;
				CLANG_WARN_RANGE_LOOP_ANALYSIS = YES;
				CLANG_WARN_STRICT_PROTOTYPES = YES;
				CLANG_WARN_SUSPICIOUS_MOVE = YES;
				CLANG_WARN_UNGUARDED_AVAILABILITY = YES_AGGRESSIVE;
				CLANG_WARN_UNREACHABLE_CODE = YES;
				CLANG_WARN__DUPLICATE_METHOD_MATCH = YES;
				COPY_PHASE_STRIP = NO;
				DEBUG_INFORMATION_FORMAT = dwarf;
				ENABLE_STRICT_OBJC_MSGSEND = YES;
				ENABLE_TESTABILITY = YES;
				GCC_C_LANGUAGE_STANDARD = gnu11;
				GCC_DYNAMIC_NO_PIC = NO;
				GCC_NO_COMMON_BLOCKS = YES;
				GCC_OPTIMIZATION_LEVEL = 0;
				GCC_PREPROCESSOR_DEFINITIONS = (
					"DEBUG=1",
					"$(inherited)",
				);
				GCC_WARN_64_TO_32_BIT_CONVERSION = YES;
				GCC_WARN_ABOUT_RETURN_TYPE = YES_ERROR;
				GCC_WARN_UNDECLARED_SELECTOR = YES;
				GCC_WARN_UNINITIALIZED_AUTOS = YES_AGGRESSIVE;
				GCC_WARN_UNUSED_FUNCTION = YES;
				GCC_WARN_UNUSED_VARIABLE = YES;
				IPHONEOS_DEPLOYMENT_TARGET = 14.5;
				MTL_ENABLE_DEBUG_INFO = INCLUDE_SOURCE;
				MTL_FAST_MATH = YES;
				ONLY_ACTIVE_ARCH = YES;
				SDKROOT = iphoneos;
				SWIFT_ACTIVE_COMPILATION_CONDITIONS = DEBUG;
				SWIFT_OPTIMIZATION_LEVEL = "-Onone";
			};
			name = Debug;
		};
		F5829F6826DB2BC500BFA8CD /* Release */ = {
			isa = XCBuildConfiguration;
			buildSettings = {
				ALWAYS_SEARCH_USER_PATHS = NO;
				CLANG_ANALYZER_NONNULL = YES;
				CLANG_ANALYZER_NUMBER_OBJECT_CONVERSION = YES_AGGRESSIVE;
				CLANG_CXX_LANGUAGE_STANDARD = "gnu++14";
				CLANG_CXX_LIBRARY = "libc++";
				CLANG_ENABLE_MODULES = YES;
				CLANG_ENABLE_OBJC_ARC = YES;
				CLANG_ENABLE_OBJC_WEAK = YES;
				CLANG_WARN_BLOCK_CAPTURE_AUTORELEASING = YES;
				CLANG_WARN_BOOL_CONVERSION = YES;
				CLANG_WARN_COMMA = YES;
				CLANG_WARN_CONSTANT_CONVERSION = YES;
				CLANG_WARN_DEPRECATED_OBJC_IMPLEMENTATIONS = YES;
				CLANG_WARN_DIRECT_OBJC_ISA_USAGE = YES_ERROR;
				CLANG_WARN_DOCUMENTATION_COMMENTS = YES;
				CLANG_WARN_EMPTY_BODY = YES;
				CLANG_WARN_ENUM_CONVERSION = YES;
				CLANG_WARN_INFINITE_RECURSION = YES;
				CLANG_WARN_INT_CONVERSION = YES;
				CLANG_WARN_NON_LITERAL_NULL_CONVERSION = YES;
				CLANG_WARN_OBJC_IMPLICIT_RETAIN_SELF = YES;
				CLANG_WARN_OBJC_LITERAL_CONVERSION = YES;
				CLANG_WARN_OBJC_ROOT_CLASS = YES_ERROR;
				CLANG_WARN_QUOTED_INCLUDE_IN_FRAMEWORK_HEADER = YES;
				CLANG_WARN_RANGE_LOOP_ANALYSIS = YES;
				CLANG_WARN_STRICT_PROTOTYPES = YES;
				CLANG_WARN_SUSPICIOUS_MOVE = YES;
				CLANG_WARN_UNGUARDED_AVAILABILITY = YES_AGGRESSIVE;
				CLANG_WARN_UNREACHABLE_CODE = YES;
				CLANG_WARN__DUPLICATE_METHOD_MATCH = YES;
				COPY_PHASE_STRIP = NO;
				DEBUG_INFORMATION_FORMAT = "dwarf-with-dsym";
				ENABLE_NS_ASSERTIONS = NO;
				ENABLE_STRICT_OBJC_MSGSEND = YES;
				GCC_C_LANGUAGE_STANDARD = gnu11;
				GCC_NO_COMMON_BLOCKS = YES;
				GCC_WARN_64_TO_32_BIT_CONVERSION = YES;
				GCC_WARN_ABOUT_RETURN_TYPE = YES_ERROR;
				GCC_WARN_UNDECLARED_SELECTOR = YES;
				GCC_WARN_UNINITIALIZED_AUTOS = YES_AGGRESSIVE;
				GCC_WARN_UNUSED_FUNCTION = YES;
				GCC_WARN_UNUSED_VARIABLE = YES;
				IPHONEOS_DEPLOYMENT_TARGET = 14.5;
				MTL_ENABLE_DEBUG_INFO = NO;
				MTL_FAST_MATH = YES;
				SDKROOT = iphoneos;
				SWIFT_COMPILATION_MODE = wholemodule;
				SWIFT_OPTIMIZATION_LEVEL = "-O";
				VALIDATE_PRODUCT = YES;
			};
			name = Release;
		};
		F5829F6A26DB2BC500BFA8CD /* Debug */ = {
			isa = XCBuildConfiguration;
			buildSettings = {
				ASSETCATALOG_COMPILER_APPICON_NAME = AppIcon;
				ASSETCATALOG_COMPILER_GLOBAL_ACCENT_COLOR_NAME = AccentColor;
				CODE_SIGN_STYLE = Automatic;
				INFOPLIST_FILE = MiniSuperApp/Info.plist;
				LD_RUNPATH_SEARCH_PATHS = (
					"$(inherited)",
					"@executable_path/Frameworks",
				);
				PRODUCT_BUNDLE_IDENTIFIER = com.red.MiniSuperApp;
				PRODUCT_NAME = "$(TARGET_NAME)";
				SWIFT_VERSION = 5.0;
				TARGETED_DEVICE_FAMILY = 1;
			};
			name = Debug;
		};
		F5829F6B26DB2BC500BFA8CD /* Release */ = {
			isa = XCBuildConfiguration;
			buildSettings = {
				ASSETCATALOG_COMPILER_APPICON_NAME = AppIcon;
				ASSETCATALOG_COMPILER_GLOBAL_ACCENT_COLOR_NAME = AccentColor;
				CODE_SIGN_STYLE = Automatic;
				INFOPLIST_FILE = MiniSuperApp/Info.plist;
				LD_RUNPATH_SEARCH_PATHS = (
					"$(inherited)",
					"@executable_path/Frameworks",
				);
				PRODUCT_BUNDLE_IDENTIFIER = com.red.MiniSuperApp;
				PRODUCT_NAME = "$(TARGET_NAME)";
				SWIFT_VERSION = 5.0;
				TARGETED_DEVICE_FAMILY = 1;
			};
			name = Release;
		};
/* End XCBuildConfiguration section */

/* Begin XCConfigurationList section */
		F5829F5026DB2BC400BFA8CD /* Build configuration list for PBXProject "MiniSuperApp" */ = {
			isa = XCConfigurationList;
			buildConfigurations = (
				F5829F6726DB2BC500BFA8CD /* Debug */,
				F5829F6826DB2BC500BFA8CD /* Release */,
			);
			defaultConfigurationIsVisible = 0;
			defaultConfigurationName = Release;
		};
		F5829F6926DB2BC500BFA8CD /* Build configuration list for PBXNativeTarget "MiniSuperApp" */ = {
			isa = XCConfigurationList;
			buildConfigurations = (
				F5829F6A26DB2BC500BFA8CD /* Debug */,
				F5829F6B26DB2BC500BFA8CD /* Release */,
			);
			defaultConfigurationIsVisible = 0;
			defaultConfigurationName = Release;
		};
/* End XCConfigurationList section */

/* Begin XCRemoteSwiftPackageReference section */
		F5829F6C26DB2DE900BFA8CD /* XCRemoteSwiftPackageReference "ModernRIBs" */ = {
			isa = XCRemoteSwiftPackageReference;
			repositoryURL = "https://github.com/DevYeom/ModernRIBs";
			requirement = {
				kind = upToNextMajorVersion;
				minimumVersion = 1.0.1;
			};
		};
/* End XCRemoteSwiftPackageReference section */

/* Begin XCSwiftPackageProductDependency section */
		F5829F6D26DB2DE900BFA8CD /* ModernRIBs */ = {
			isa = XCSwiftPackageProductDependency;
			package = F5829F6C26DB2DE900BFA8CD /* XCRemoteSwiftPackageReference "ModernRIBs" */;
			productName = ModernRIBs;
		};
/* End XCSwiftPackageProductDependency section */
	};
	rootObject = F5829F4D26DB2BC400BFA8CD /* Project object */;
}
